
Microsoft Visual Studio Solution File, Format Version 12.00
# Visual Studio 14
VisualStudioVersion = 14.0.23107.0
MinimumVisualStudioVersion = 10.0.40219.1
Project("{FAE04EC0-301F-11D3-BF4B-00C04F79EFBC}") = "DomainClasses", "DomainClasses\DomainClasses.csproj", "{CEAF0B4C-10E5-4C0D-B6D9-44105FC2E465}"
EndProject
Project("{FAE04EC0-301F-11D3-BF4B-00C04F79EFBC}") = "DataAccess", "DataAccess\DataAccess.csproj", "{E4A39A3E-DDEC-4920-B432-B003E712AB15}"
EndProject
Project("{FAE04EC0-301F-11D3-BF4B-00C04F79EFBC}") = "ConsoleApp", "ConsoleApp\ConsoleApp.csproj", "{21A7F215-05C8-4435-A542-7DD152A7EE50}"
EndProject
Global
	GlobalSection(SolutionConfigurationPlatforms) = preSolution
		Debug|Any CPU = Debug|Any CPU
		Release|Any CPU = Release|Any CPU
	EndGlobalSection
	GlobalSection(ProjectConfigurationPlatforms) = postSolution
		{CEAF0B4C-10E5-4C0D-B6D9-44105FC2E465}.Debug|Any CPU.ActiveCfg = Debug|Any CPU
		{CEAF0B4C-10E5-4C0D-B6D9-44105FC2E465}.Debug|Any CPU.Build.0 = Debug|Any CPU
		{CEAF0B4C-10E5-4C0D-B6D9-44105FC2E465}.Release|Any CPU.ActiveCfg = Release|Any CPU
		{CEAF0B4C-10E5-4C0D-B6D9-44105FC2E465}.Release|Any CPU.Build.0 = Release|Any CPU
		{E4A39A3E-DDEC-4920-B432-B003E712AB15}.Debug|Any CPU.ActiveCfg = Debug|Any CPU
		{E4A39A3E-DDEC-4920-B432-B003E712AB15}.Debug|Any CPU.Build.0 = Debug|Any CPU
		{E4A39A3E-DDEC-4920-B432-B003E712AB15}.Release|Any CPU.ActiveCfg = Release|Any CPU
		{E4A39A3E-DDEC-4920-B432-B003E712AB15}.Release|Any CPU.Build.0 = Release|Any CPU
		{21A7F215-05C8-4435-A542-7DD152A7EE50}.Debug|Any CPU.ActiveCfg = Debug|Any CPU
		{21A7F215-05C8-4435-A542-7DD152A7EE50}.Debug|Any CPU.Build.0 = Debug|Any CPU
		{21A7F215-05C8-4435-A542-7DD152A7EE50}.Release|Any CPU.ActiveCfg = Release|Any CPU
		{21A7F215-05C8-4435-A542-7DD152A7EE50}.Release|Any CPU.Build.0 = Release|Any CPU
	EndGlobalSection
	GlobalSection(SolutionProperties) = preSolution
		HideSolutionNode = FALSE
	EndGlobalSection
EndGlobal
